// !$*UTF8*$!
{
	archiveVersion = 1;
	classes = {
	};
	objectVersion = 55;
	objects = {

/* Begin PBXBuildFile section */
		DA27898B29108EB100E76B53 /* ImageLoadView.swift in Sources */ = {isa = PBXBuildFile; fileRef = DA27898A29108EB100E76B53 /* ImageLoadView.swift */; };
		DA27898D29109FCE00E76B53 /* ProductListCell.swift in Sources */ = {isa = PBXBuildFile; fileRef = DA27898C29109FCE00E76B53 /* ProductListCell.swift */; };
		DA27898F2910A00C00E76B53 /* ProductListCellModel.swift in Sources */ = {isa = PBXBuildFile; fileRef = DA27898E2910A00C00E76B53 /* ProductListCellModel.swift */; };
		DA2789912910A22900E76B53 /* extension+Double.swift in Sources */ = {isa = PBXBuildFile; fileRef = DA2789902910A22900E76B53 /* extension+Double.swift */; };
		DA2C799028F9B5E300922C47 /* APIService.swift in Sources */ = {isa = PBXBuildFile; fileRef = DA2C798F28F9B5E300922C47 /* APIService.swift */; };
		DA2C799228FA8FF400922C47 /* NetworkError.swift in Sources */ = {isa = PBXBuildFile; fileRef = DA2C799128FA8FF400922C47 /* NetworkError.swift */; };
		DA2C799428FABC9000922C47 /* ProductCreateView.swift in Sources */ = {isa = PBXBuildFile; fileRef = DA2C799328FABC9000922C47 /* ProductCreateView.swift */; };
		DA2C799728FAC50C00922C47 /* ImagePicker.swift in Sources */ = {isa = PBXBuildFile; fileRef = DA2C799628FAC50C00922C47 /* ImagePicker.swift */; };
		DA3E9D5728FF42E700E72E21 /* DetailProductViewModel.swift in Sources */ = {isa = PBXBuildFile; fileRef = DA3E9D5628FF42E700E72E21 /* DetailProductViewModel.swift */; };
		DA3E9D5A290043B200E72E21 /* ProductCreateViewModel.swift in Sources */ = {isa = PBXBuildFile; fileRef = DA3E9D59290043B200E72E21 /* ProductCreateViewModel.swift */; };
		DA3E9D5C2900B64F00E72E21 /* EditProductRequest.swift in Sources */ = {isa = PBXBuildFile; fileRef = DA3E9D5B2900B64F00E72E21 /* EditProductRequest.swift */; };
		DA3E9D5E2902E87B00E72E21 /* FetchDeleteURLRequest.swift in Sources */ = {isa = PBXBuildFile; fileRef = DA3E9D5D2902E87B00E72E21 /* FetchDeleteURLRequest.swift */; };
		DA3E9D602903045B00E72E21 /* DeleteProductRequest.swift in Sources */ = {isa = PBXBuildFile; fileRef = DA3E9D5F2903045A00E72E21 /* DeleteProductRequest.swift */; };
		DA3E9D63290322D400E72E21 /* extension+URLSession.swift in Sources */ = {isa = PBXBuildFile; fileRef = DA3E9D62290322D400E72E21 /* extension+URLSession.swift */; };
		DA3E9D652903231800E72E21 /* extension+URLSettionDataTask.swift in Sources */ = {isa = PBXBuildFile; fileRef = DA3E9D642903231700E72E21 /* extension+URLSettionDataTask.swift */; };
		DA3E9D672903233300E72E21 /* URLSessionProtocol.swift in Sources */ = {isa = PBXBuildFile; fileRef = DA3E9D662903233300E72E21 /* URLSessionProtocol.swift */; };
		DA3E9D692903234E00E72E21 /* URLSessionDataTaskProtocol.swift in Sources */ = {isa = PBXBuildFile; fileRef = DA3E9D682903234E00E72E21 /* URLSessionDataTaskProtocol.swift */; };
		DA3E9D8F2903254000E72E21 /* APIServiceTest.swift in Sources */ = {isa = PBXBuildFile; fileRef = DA3E9D8E2903254000E72E21 /* APIServiceTest.swift */; };
		DA3E9D972903CB2200E72E21 /* extension+Data.swift in Sources */ = {isa = PBXBuildFile; fileRef = DA3E9D962903CB2200E72E21 /* extension+Data.swift */; };
		DA3E9D9A2903CB8C00E72E21 /* ProductRequest.swift in Sources */ = {isa = PBXBuildFile; fileRef = DA3E9D992903CB8C00E72E21 /* ProductRequest.swift */; };
		DA3E9D9C2903CBBD00E72E21 /* ProductEditRequestModel.swift in Sources */ = {isa = PBXBuildFile; fileRef = DA3E9D9B2903CBBD00E72E21 /* ProductEditRequestModel.swift */; };
		DA3E9D9E2903CBE400E72E21 /* DeleteURLRequestModel.swift in Sources */ = {isa = PBXBuildFile; fileRef = DA3E9D9D2903CBE400E72E21 /* DeleteURLRequestModel.swift */; };
		DA3E9DA0290537C500E72E21 /* MainView.swift in Sources */ = {isa = PBXBuildFile; fileRef = DA3E9D9F290537C400E72E21 /* MainView.swift */; };
		DA3E9DA32905AE9C00E72E21 /* ProfileView.swift in Sources */ = {isa = PBXBuildFile; fileRef = DA3E9DA22905AE9C00E72E21 /* ProfileView.swift */; };
		DA3E9DA52905C0A600E72E21 /* SearchView.swift in Sources */ = {isa = PBXBuildFile; fileRef = DA3E9DA42905C0A600E72E21 /* SearchView.swift */; };
		DA3E9DA72905DCF800E72E21 /* SearchViewModel.swift in Sources */ = {isa = PBXBuildFile; fileRef = DA3E9DA62905DCF700E72E21 /* SearchViewModel.swift */; };
		DA466EBA28E6FCA20076AEE4 /* MangoMarketApp.swift in Sources */ = {isa = PBXBuildFile; fileRef = DA466EB928E6FCA20076AEE4 /* MangoMarketApp.swift */; };
		DA466EBC28E6FCA20076AEE4 /* ContentView.swift in Sources */ = {isa = PBXBuildFile; fileRef = DA466EBB28E6FCA20076AEE4 /* ContentView.swift */; };
		DA466EBE28E6FCA50076AEE4 /* Assets.xcassets in Resources */ = {isa = PBXBuildFile; fileRef = DA466EBD28E6FCA50076AEE4 /* Assets.xcassets */; };
		DA466EC128E6FCA50076AEE4 /* Preview Assets.xcassets in Resources */ = {isa = PBXBuildFile; fileRef = DA466EC028E6FCA50076AEE4 /* Preview Assets.xcassets */; };
		DA466EC828E700ED0076AEE4 /* HomeView.swift in Sources */ = {isa = PBXBuildFile; fileRef = DA466EC728E700EC0076AEE4 /* HomeView.swift */; };
		DA466ECD28E701F70076AEE4 /* ProductDetail.swift in Sources */ = {isa = PBXBuildFile; fileRef = DA466ECC28E701F70076AEE4 /* ProductDetail.swift */; };
		DA466ECF28E702830076AEE4 /* ProductList.swift in Sources */ = {isa = PBXBuildFile; fileRef = DA466ECE28E702830076AEE4 /* ProductList.swift */; };
		DA466ED128E702E30076AEE4 /* Currency.swift in Sources */ = {isa = PBXBuildFile; fileRef = DA466ED028E702E30076AEE4 /* Currency.swift */; };
		DA466ED328E710360076AEE4 /* BannerView.swift in Sources */ = {isa = PBXBuildFile; fileRef = DA466ED228E710360076AEE4 /* BannerView.swift */; };
		DA466ED528E71AE60076AEE4 /* ProductListView.swift in Sources */ = {isa = PBXBuildFile; fileRef = DA466ED428E71AE40076AEE4 /* ProductListView.swift */; };
		DA91E7D428E998950091B6A3 /* DetailProductView.swift in Sources */ = {isa = PBXBuildFile; fileRef = DA91E7D328E998950091B6A3 /* DetailProductView.swift */; };
		DAB7B94B28FE9BD900632AC1 /* ProductListViewModel.swift in Sources */ = {isa = PBXBuildFile; fileRef = DAB7B94A28FE9BD900632AC1 /* ProductListViewModel.swift */; };
		DAB7B94D28FEB7BA00632AC1 /* HTTPMethod.swift in Sources */ = {isa = PBXBuildFile; fileRef = DAB7B94C28FEB7BA00632AC1 /* HTTPMethod.swift */; };
		DAB7B94F28FEBF7E00632AC1 /* Requestable.swift in Sources */ = {isa = PBXBuildFile; fileRef = DAB7B94E28FEBF7E00632AC1 /* Requestable.swift */; };
		DAB7B95228FEC6C500632AC1 /* ProductsListRequest.swift in Sources */ = {isa = PBXBuildFile; fileRef = DAB7B95128FEC6C500632AC1 /* ProductsListRequest.swift */; };
		DAB7B95428FED38D00632AC1 /* URLError.swift in Sources */ = {isa = PBXBuildFile; fileRef = DAB7B95328FED38D00632AC1 /* URLError.swift */; };
		DAB7B95628FED59F00632AC1 /* FormDataGenerator.swift in Sources */ = {isa = PBXBuildFile; fileRef = DAB7B95528FED59F00632AC1 /* FormDataGenerator.swift */; };
		DAB7B95828FF27A100632AC1 /* ProductDetailRequest.swift in Sources */ = {isa = PBXBuildFile; fileRef = DAB7B95728FF27A100632AC1 /* ProductDetailRequest.swift */; };
		DAB7B95A28FF2B9300632AC1 /* PostProductRequest.swift in Sources */ = {isa = PBXBuildFile; fileRef = DAB7B95928FF2B9300632AC1 /* PostProductRequest.swift */; };
/* End PBXBuildFile section */

/* Begin PBXContainerItemProxy section */
		DA3E9D902903254000E72E21 /* PBXContainerItemProxy */ = {
			isa = PBXContainerItemProxy;
			containerPortal = DA466EAE28E6FCA20076AEE4 /* Project object */;
			proxyType = 1;
			remoteGlobalIDString = DA466EB528E6FCA20076AEE4;
			remoteInfo = MangoMarket;
		};
/* End PBXContainerItemProxy section */

/* Begin PBXFileReference section */
		DA27898A29108EB100E76B53 /* ImageLoadView.swift */ = {isa = PBXFileReference; lastKnownFileType = sourcecode.swift; path = ImageLoadView.swift; sourceTree = "<group>"; };
		DA27898C29109FCE00E76B53 /* ProductListCell.swift */ = {isa = PBXFileReference; lastKnownFileType = sourcecode.swift; path = ProductListCell.swift; sourceTree = "<group>"; };
		DA27898E2910A00C00E76B53 /* ProductListCellModel.swift */ = {isa = PBXFileReference; lastKnownFileType = sourcecode.swift; path = ProductListCellModel.swift; sourceTree = "<group>"; };
		DA2789902910A22900E76B53 /* extension+Double.swift */ = {isa = PBXFileReference; lastKnownFileType = sourcecode.swift; path = "extension+Double.swift"; sourceTree = "<group>"; };
		DA2C798F28F9B5E300922C47 /* APIService.swift */ = {isa = PBXFileReference; lastKnownFileType = sourcecode.swift; path = APIService.swift; sourceTree = "<group>"; };
		DA2C799128FA8FF400922C47 /* NetworkError.swift */ = {isa = PBXFileReference; lastKnownFileType = sourcecode.swift; path = NetworkError.swift; sourceTree = "<group>"; };
		DA2C799328FABC9000922C47 /* ProductCreateView.swift */ = {isa = PBXFileReference; lastKnownFileType = sourcecode.swift; path = ProductCreateView.swift; sourceTree = "<group>"; };
		DA2C799528FAC4C500922C47 /* Info.plist */ = {isa = PBXFileReference; lastKnownFileType = text.plist; path = Info.plist; sourceTree = "<group>"; };
		DA2C799628FAC50C00922C47 /* ImagePicker.swift */ = {isa = PBXFileReference; lastKnownFileType = sourcecode.swift; path = ImagePicker.swift; sourceTree = "<group>"; };
		DA3E9D5628FF42E700E72E21 /* DetailProductViewModel.swift */ = {isa = PBXFileReference; lastKnownFileType = sourcecode.swift; path = DetailProductViewModel.swift; sourceTree = "<group>"; };
		DA3E9D59290043B200E72E21 /* ProductCreateViewModel.swift */ = {isa = PBXFileReference; lastKnownFileType = sourcecode.swift; path = ProductCreateViewModel.swift; sourceTree = "<group>"; };
		DA3E9D5B2900B64F00E72E21 /* EditProductRequest.swift */ = {isa = PBXFileReference; lastKnownFileType = sourcecode.swift; path = EditProductRequest.swift; sourceTree = "<group>"; };
		DA3E9D5D2902E87B00E72E21 /* FetchDeleteURLRequest.swift */ = {isa = PBXFileReference; lastKnownFileType = sourcecode.swift; path = FetchDeleteURLRequest.swift; sourceTree = "<group>"; };
		DA3E9D5F2903045A00E72E21 /* DeleteProductRequest.swift */ = {isa = PBXFileReference; lastKnownFileType = sourcecode.swift; path = DeleteProductRequest.swift; sourceTree = "<group>"; };
		DA3E9D62290322D400E72E21 /* extension+URLSession.swift */ = {isa = PBXFileReference; lastKnownFileType = sourcecode.swift; path = "extension+URLSession.swift"; sourceTree = "<group>"; };
		DA3E9D642903231700E72E21 /* extension+URLSettionDataTask.swift */ = {isa = PBXFileReference; lastKnownFileType = sourcecode.swift; path = "extension+URLSettionDataTask.swift"; sourceTree = "<group>"; };
		DA3E9D662903233300E72E21 /* URLSessionProtocol.swift */ = {isa = PBXFileReference; lastKnownFileType = sourcecode.swift; path = URLSessionProtocol.swift; sourceTree = "<group>"; };
		DA3E9D682903234E00E72E21 /* URLSessionDataTaskProtocol.swift */ = {isa = PBXFileReference; lastKnownFileType = sourcecode.swift; path = URLSessionDataTaskProtocol.swift; sourceTree = "<group>"; };
		DA3E9D8C2903254000E72E21 /* APIServiceTest.xctest */ = {isa = PBXFileReference; explicitFileType = wrapper.cfbundle; includeInIndex = 0; path = APIServiceTest.xctest; sourceTree = BUILT_PRODUCTS_DIR; };
		DA3E9D8E2903254000E72E21 /* APIServiceTest.swift */ = {isa = PBXFileReference; lastKnownFileType = sourcecode.swift; path = APIServiceTest.swift; sourceTree = "<group>"; };
		DA3E9D962903CB2200E72E21 /* extension+Data.swift */ = {isa = PBXFileReference; lastKnownFileType = sourcecode.swift; path = "extension+Data.swift"; sourceTree = "<group>"; };
		DA3E9D992903CB8C00E72E21 /* ProductRequest.swift */ = {isa = PBXFileReference; lastKnownFileType = sourcecode.swift; path = ProductRequest.swift; sourceTree = "<group>"; };
		DA3E9D9B2903CBBD00E72E21 /* ProductEditRequestModel.swift */ = {isa = PBXFileReference; lastKnownFileType = sourcecode.swift; path = ProductEditRequestModel.swift; sourceTree = "<group>"; };
		DA3E9D9D2903CBE400E72E21 /* DeleteURLRequestModel.swift */ = {isa = PBXFileReference; lastKnownFileType = sourcecode.swift; path = DeleteURLRequestModel.swift; sourceTree = "<group>"; };
		DA3E9D9F290537C400E72E21 /* MainView.swift */ = {isa = PBXFileReference; lastKnownFileType = sourcecode.swift; path = MainView.swift; sourceTree = "<group>"; };
		DA3E9DA22905AE9C00E72E21 /* ProfileView.swift */ = {isa = PBXFileReference; lastKnownFileType = sourcecode.swift; path = ProfileView.swift; sourceTree = "<group>"; };
		DA3E9DA42905C0A600E72E21 /* SearchView.swift */ = {isa = PBXFileReference; lastKnownFileType = sourcecode.swift; path = SearchView.swift; sourceTree = "<group>"; };
		DA3E9DA62905DCF700E72E21 /* SearchViewModel.swift */ = {isa = PBXFileReference; lastKnownFileType = sourcecode.swift; path = SearchViewModel.swift; sourceTree = "<group>"; };
		DA466EB628E6FCA20076AEE4 /* MangoMarket.app */ = {isa = PBXFileReference; explicitFileType = wrapper.application; includeInIndex = 0; path = MangoMarket.app; sourceTree = BUILT_PRODUCTS_DIR; };
		DA466EB928E6FCA20076AEE4 /* MangoMarketApp.swift */ = {isa = PBXFileReference; lastKnownFileType = sourcecode.swift; path = MangoMarketApp.swift; sourceTree = "<group>"; };
		DA466EBB28E6FCA20076AEE4 /* ContentView.swift */ = {isa = PBXFileReference; lastKnownFileType = sourcecode.swift; path = ContentView.swift; sourceTree = "<group>"; };
		DA466EBD28E6FCA50076AEE4 /* Assets.xcassets */ = {isa = PBXFileReference; lastKnownFileType = folder.assetcatalog; path = Assets.xcassets; sourceTree = "<group>"; };
		DA466EC028E6FCA50076AEE4 /* Preview Assets.xcassets */ = {isa = PBXFileReference; lastKnownFileType = folder.assetcatalog; path = "Preview Assets.xcassets"; sourceTree = "<group>"; };
		DA466EC728E700EC0076AEE4 /* HomeView.swift */ = {isa = PBXFileReference; lastKnownFileType = sourcecode.swift; path = HomeView.swift; sourceTree = "<group>"; };
		DA466ECC28E701F70076AEE4 /* ProductDetail.swift */ = {isa = PBXFileReference; lastKnownFileType = sourcecode.swift; path = ProductDetail.swift; sourceTree = "<group>"; };
		DA466ECE28E702830076AEE4 /* ProductList.swift */ = {isa = PBXFileReference; lastKnownFileType = sourcecode.swift; path = ProductList.swift; sourceTree = "<group>"; };
		DA466ED028E702E30076AEE4 /* Currency.swift */ = {isa = PBXFileReference; lastKnownFileType = sourcecode.swift; path = Currency.swift; sourceTree = "<group>"; };
		DA466ED228E710360076AEE4 /* BannerView.swift */ = {isa = PBXFileReference; lastKnownFileType = sourcecode.swift; path = BannerView.swift; sourceTree = "<group>"; };
		DA466ED428E71AE40076AEE4 /* ProductListView.swift */ = {isa = PBXFileReference; lastKnownFileType = sourcecode.swift; path = ProductListView.swift; sourceTree = "<group>"; };
		DA91E7D328E998950091B6A3 /* DetailProductView.swift */ = {isa = PBXFileReference; lastKnownFileType = sourcecode.swift; path = DetailProductView.swift; sourceTree = "<group>"; };
		DAB7B94A28FE9BD900632AC1 /* ProductListViewModel.swift */ = {isa = PBXFileReference; lastKnownFileType = sourcecode.swift; path = ProductListViewModel.swift; sourceTree = "<group>"; };
		DAB7B94C28FEB7BA00632AC1 /* HTTPMethod.swift */ = {isa = PBXFileReference; lastKnownFileType = sourcecode.swift; path = HTTPMethod.swift; sourceTree = "<group>"; };
		DAB7B94E28FEBF7E00632AC1 /* Requestable.swift */ = {isa = PBXFileReference; lastKnownFileType = sourcecode.swift; path = Requestable.swift; sourceTree = "<group>"; };
		DAB7B95128FEC6C500632AC1 /* ProductsListRequest.swift */ = {isa = PBXFileReference; lastKnownFileType = sourcecode.swift; path = ProductsListRequest.swift; sourceTree = "<group>"; };
		DAB7B95328FED38D00632AC1 /* URLError.swift */ = {isa = PBXFileReference; lastKnownFileType = sourcecode.swift; path = URLError.swift; sourceTree = "<group>"; };
		DAB7B95528FED59F00632AC1 /* FormDataGenerator.swift */ = {isa = PBXFileReference; lastKnownFileType = sourcecode.swift; path = FormDataGenerator.swift; sourceTree = "<group>"; };
		DAB7B95728FF27A100632AC1 /* ProductDetailRequest.swift */ = {isa = PBXFileReference; lastKnownFileType = sourcecode.swift; path = ProductDetailRequest.swift; sourceTree = "<group>"; };
		DAB7B95928FF2B9300632AC1 /* PostProductRequest.swift */ = {isa = PBXFileReference; lastKnownFileType = sourcecode.swift; path = PostProductRequest.swift; sourceTree = "<group>"; };
/* End PBXFileReference section */

/* Begin PBXFrameworksBuildPhase section */
		DA3E9D892903254000E72E21 /* Frameworks */ = {
			isa = PBXFrameworksBuildPhase;
			buildActionMask = 2147483647;
			files = (
			);
			runOnlyForDeploymentPostprocessing = 0;
		};
		DA466EB328E6FCA20076AEE4 /* Frameworks */ = {
			isa = PBXFrameworksBuildPhase;
			buildActionMask = 2147483647;
			files = (
			);
			runOnlyForDeploymentPostprocessing = 0;
		};
/* End PBXFrameworksBuildPhase section */

/* Begin PBXGroup section */
		DA2C798E28F9B42E00922C47 /* Network */ = {
			isa = PBXGroup;
			children = (
				DA2C798F28F9B5E300922C47 /* APIService.swift */,
				DA3E9D662903233300E72E21 /* URLSessionProtocol.swift */,
				DA3E9D682903234E00E72E21 /* URLSessionDataTaskProtocol.swift */,
				DAB7B94C28FEB7BA00632AC1 /* HTTPMethod.swift */,
				DAB7B95528FED59F00632AC1 /* FormDataGenerator.swift */,
				DA3E9D982903CB4500E72E21 /* Error */,
				DAB7B95028FEC6A200632AC1 /* Request */,
			);
			path = Network;
			sourceTree = "<group>";
		};
		DA3E9D582900438F00E72E21 /* ProductCreateView */ = {
			isa = PBXGroup;
			children = (
				DA2C799328FABC9000922C47 /* ProductCreateView.swift */,
				DA3E9D59290043B200E72E21 /* ProductCreateViewModel.swift */,
			);
			path = ProductCreateView;
			sourceTree = "<group>";
		};
		DA3E9D61290322BA00E72E21 /* Extension */ = {
			isa = PBXGroup;
			children = (
				DA3E9D62290322D400E72E21 /* extension+URLSession.swift */,
				DA3E9D642903231700E72E21 /* extension+URLSettionDataTask.swift */,
				DA3E9D962903CB2200E72E21 /* extension+Data.swift */,
				DA2789902910A22900E76B53 /* extension+Double.swift */,
			);
			path = Extension;
			sourceTree = "<group>";
		};
		DA3E9D8D2903254000E72E21 /* APIServiceTest */ = {
			isa = PBXGroup;
			children = (
				DA3E9D8E2903254000E72E21 /* APIServiceTest.swift */,
			);
			path = APIServiceTest;
			sourceTree = "<group>";
		};
		DA3E9D952903CB0300E72E21 /* Utils */ = {
			isa = PBXGroup;
			children = (
				DA2C799628FAC50C00922C47 /* ImagePicker.swift */,
			);
			path = Utils;
			sourceTree = "<group>";
		};
		DA3E9D982903CB4500E72E21 /* Error */ = {
			isa = PBXGroup;
			children = (
				DA2C799128FA8FF400922C47 /* NetworkError.swift */,
				DAB7B95328FED38D00632AC1 /* URLError.swift */,
			);
			path = Error;
			sourceTree = "<group>";
		};
		DA3E9DA12905AE8B00E72E21 /* ProfileView */ = {
			isa = PBXGroup;
			children = (
				DA3E9DA22905AE9C00E72E21 /* ProfileView.swift */,
			);
			path = ProfileView;
			sourceTree = "<group>";
		};
		DA466EAD28E6FCA20076AEE4 = {
			isa = PBXGroup;
			children = (
				DA466EB828E6FCA20076AEE4 /* MangoMarket */,
				DA3E9D8D2903254000E72E21 /* APIServiceTest */,
				DA466EB728E6FCA20076AEE4 /* Products */,
			);
			sourceTree = "<group>";
		};
		DA466EB728E6FCA20076AEE4 /* Products */ = {
			isa = PBXGroup;
			children = (
				DA466EB628E6FCA20076AEE4 /* MangoMarket.app */,
				DA3E9D8C2903254000E72E21 /* APIServiceTest.xctest */,
			);
			name = Products;
			sourceTree = "<group>";
		};
		DA466EB828E6FCA20076AEE4 /* MangoMarket */ = {
			isa = PBXGroup;
			children = (
				DA2C799528FAC4C500922C47 /* Info.plist */,
				DA466EB928E6FCA20076AEE4 /* MangoMarketApp.swift */,
				DA466EBB28E6FCA20076AEE4 /* ContentView.swift */,
				DAB7B94828FE9BA800632AC1 /* View */,
				DA3E9D952903CB0300E72E21 /* Utils */,
				DA3E9D61290322BA00E72E21 /* Extension */,
				DA2C798E28F9B42E00922C47 /* Network */,
				DA466EC928E701B00076AEE4 /* Model */,
				DA466EBD28E6FCA50076AEE4 /* Assets.xcassets */,
				DA466EBF28E6FCA50076AEE4 /* Preview Content */,
			);
			path = MangoMarket;
			sourceTree = "<group>";
		};
		DA466EBF28E6FCA50076AEE4 /* Preview Content */ = {
			isa = PBXGroup;
			children = (
				DA466EC028E6FCA50076AEE4 /* Preview Assets.xcassets */,
			);
			path = "Preview Content";
			sourceTree = "<group>";
		};
		DA466EC928E701B00076AEE4 /* Model */ = {
			isa = PBXGroup;
			children = (
				DA466ECC28E701F70076AEE4 /* ProductDetail.swift */,
				DA3E9D9D2903CBE400E72E21 /* DeleteURLRequestModel.swift */,
				DA3E9D9B2903CBBD00E72E21 /* ProductEditRequestModel.swift */,
				DA3E9D992903CB8C00E72E21 /* ProductRequest.swift */,
				DA466ECE28E702830076AEE4 /* ProductList.swift */,
				DA466ED028E702E30076AEE4 /* Currency.swift */,
			);
			path = Model;
			sourceTree = "<group>";
		};
		DAB7B94828FE9BA800632AC1 /* View */ = {
			isa = PBXGroup;
			children = (
				DA3E9D9F290537C400E72E21 /* MainView.swift */,
				DA466EC728E700EC0076AEE4 /* HomeView.swift */,
				DA3E9DA42905C0A600E72E21 /* SearchView.swift */,
				DA3E9DA62905DCF700E72E21 /* SearchViewModel.swift */,
				DA466ED228E710360076AEE4 /* BannerView.swift */,
				DA27898A29108EB100E76B53 /* ImageLoadView.swift */,
				DA3E9DA12905AE8B00E72E21 /* ProfileView */,
				DA3E9D582900438F00E72E21 /* ProductCreateView */,
				DAB7B94928FE9BBD00632AC1 /* ProductListView */,
				DAB7B95B28FF420C00632AC1 /* DetailProductView */,
			);
			path = View;
			sourceTree = "<group>";
		};
		DAB7B94928FE9BBD00632AC1 /* ProductListView */ = {
			isa = PBXGroup;
			children = (
				DA466ED428E71AE40076AEE4 /* ProductListView.swift */,
				DAB7B94A28FE9BD900632AC1 /* ProductListViewModel.swift */,
				DA27898C29109FCE00E76B53 /* ProductListCell.swift */,
				DA27898E2910A00C00E76B53 /* ProductListCellModel.swift */,
			);
			path = ProductListView;
			sourceTree = "<group>";
		};
		DAB7B95028FEC6A200632AC1 /* Request */ = {
			isa = PBXGroup;
			children = (
				DAB7B94E28FEBF7E00632AC1 /* Requestable.swift */,
				DAB7B95128FEC6C500632AC1 /* ProductsListRequest.swift */,
				DAB7B95728FF27A100632AC1 /* ProductDetailRequest.swift */,
				DAB7B95928FF2B9300632AC1 /* PostProductRequest.swift */,
				DA3E9D5B2900B64F00E72E21 /* EditProductRequest.swift */,
				DA3E9D5D2902E87B00E72E21 /* FetchDeleteURLRequest.swift */,
				DA3E9D5F2903045A00E72E21 /* DeleteProductRequest.swift */,
			);
			path = Request;
			sourceTree = "<group>";
		};
		DAB7B95B28FF420C00632AC1 /* DetailProductView */ = {
			isa = PBXGroup;
			children = (
				DA91E7D328E998950091B6A3 /* DetailProductView.swift */,
				DA3E9D5628FF42E700E72E21 /* DetailProductViewModel.swift */,
			);
			path = DetailProductView;
			sourceTree = "<group>";
		};
/* End PBXGroup section */

/* Begin PBXNativeTarget section */
		DA3E9D8B2903254000E72E21 /* APIServiceTest */ = {
			isa = PBXNativeTarget;
			buildConfigurationList = DA3E9D942903254000E72E21 /* Build configuration list for PBXNativeTarget "APIServiceTest" */;
			buildPhases = (
				DA3E9D882903254000E72E21 /* Sources */,
				DA3E9D892903254000E72E21 /* Frameworks */,
				DA3E9D8A2903254000E72E21 /* Resources */,
			);
			buildRules = (
			);
			dependencies = (
				DA3E9D912903254000E72E21 /* PBXTargetDependency */,
			);
			name = APIServiceTest;
			productName = APIServiceTest;
			productReference = DA3E9D8C2903254000E72E21 /* APIServiceTest.xctest */;
			productType = "com.apple.product-type.bundle.unit-test";
		};
		DA466EB528E6FCA20076AEE4 /* MangoMarket */ = {
			isa = PBXNativeTarget;
			buildConfigurationList = DA466EC428E6FCA50076AEE4 /* Build configuration list for PBXNativeTarget "MangoMarket" */;
			buildPhases = (
				DA466EB228E6FCA20076AEE4 /* Sources */,
				DA466EB328E6FCA20076AEE4 /* Frameworks */,
				DA466EB428E6FCA20076AEE4 /* Resources */,
			);
			buildRules = (
			);
			dependencies = (
			);
			name = MangoMarket;
			productName = MangoMarket;
			productReference = DA466EB628E6FCA20076AEE4 /* MangoMarket.app */;
			productType = "com.apple.product-type.application";
		};
/* End PBXNativeTarget section */

/* Begin PBXProject section */
		DA466EAE28E6FCA20076AEE4 /* Project object */ = {
			isa = PBXProject;
			attributes = {
				BuildIndependentTargetsInParallel = 1;
				LastSwiftUpdateCheck = 1400;
				LastUpgradeCheck = 1340;
				TargetAttributes = {
					DA3E9D8B2903254000E72E21 = {
						CreatedOnToolsVersion = 14.0.1;
						TestTargetID = DA466EB528E6FCA20076AEE4;
					};
					DA466EB528E6FCA20076AEE4 = {
						CreatedOnToolsVersion = 13.4.1;
					};
				};
			};
			buildConfigurationList = DA466EB128E6FCA20076AEE4 /* Build configuration list for PBXProject "MangoMarket" */;
			compatibilityVersion = "Xcode 13.0";
			developmentRegion = en;
			hasScannedForEncodings = 0;
			knownRegions = (
				en,
				Base,
			);
			mainGroup = DA466EAD28E6FCA20076AEE4;
			productRefGroup = DA466EB728E6FCA20076AEE4 /* Products */;
			projectDirPath = "";
			projectRoot = "";
			targets = (
				DA466EB528E6FCA20076AEE4 /* MangoMarket */,
				DA3E9D8B2903254000E72E21 /* APIServiceTest */,
			);
		};
/* End PBXProject section */

/* Begin PBXResourcesBuildPhase section */
		DA3E9D8A2903254000E72E21 /* Resources */ = {
			isa = PBXResourcesBuildPhase;
			buildActionMask = 2147483647;
			files = (
			);
			runOnlyForDeploymentPostprocessing = 0;
		};
		DA466EB428E6FCA20076AEE4 /* Resources */ = {
			isa = PBXResourcesBuildPhase;
			buildActionMask = 2147483647;
			files = (
				DA466EC128E6FCA50076AEE4 /* Preview Assets.xcassets in Resources */,
				DA466EBE28E6FCA50076AEE4 /* Assets.xcassets in Resources */,
			);
			runOnlyForDeploymentPostprocessing = 0;
		};
/* End PBXResourcesBuildPhase section */

/* Begin PBXSourcesBuildPhase section */
		DA3E9D882903254000E72E21 /* Sources */ = {
			isa = PBXSourcesBuildPhase;
			buildActionMask = 2147483647;
			files = (
				DA3E9D8F2903254000E72E21 /* APIServiceTest.swift in Sources */,
			);
			runOnlyForDeploymentPostprocessing = 0;
		};
		DA466EB228E6FCA20076AEE4 /* Sources */ = {
			isa = PBXSourcesBuildPhase;
			buildActionMask = 2147483647;
			files = (
				DA27898F2910A00C00E76B53 /* ProductListCellModel.swift in Sources */,
				DA2C799728FAC50C00922C47 /* ImagePicker.swift in Sources */,
				DA466ED528E71AE60076AEE4 /* ProductListView.swift in Sources */,
				DAB7B95428FED38D00632AC1 /* URLError.swift in Sources */,
				DA91E7D428E998950091B6A3 /* DetailProductView.swift in Sources */,
				DA3E9DA72905DCF800E72E21 /* SearchViewModel.swift in Sources */,
				DA3E9D602903045B00E72E21 /* DeleteProductRequest.swift in Sources */,
				DA466ED328E710360076AEE4 /* BannerView.swift in Sources */,
				DA3E9D672903233300E72E21 /* URLSessionProtocol.swift in Sources */,
				DA466ED128E702E30076AEE4 /* Currency.swift in Sources */,
				DA466EBC28E6FCA20076AEE4 /* ContentView.swift in Sources */,
				DA466ECF28E702830076AEE4 /* ProductList.swift in Sources */,
				DA2C799428FABC9000922C47 /* ProductCreateView.swift in Sources */,
				DA3E9D5728FF42E700E72E21 /* DetailProductViewModel.swift in Sources */,
				DAB7B94D28FEB7BA00632AC1 /* HTTPMethod.swift in Sources */,
				DA3E9D5C2900B64F00E72E21 /* EditProductRequest.swift in Sources */,
				DA3E9D692903234E00E72E21 /* URLSessionDataTaskProtocol.swift in Sources */,
				DA3E9D5A290043B200E72E21 /* ProductCreateViewModel.swift in Sources */,
				DA2789912910A22900E76B53 /* extension+Double.swift in Sources */,
				DA27898B29108EB100E76B53 /* ImageLoadView.swift in Sources */,
				DAB7B95228FEC6C500632AC1 /* ProductsListRequest.swift in Sources */,
				DA3E9D5E2902E87B00E72E21 /* FetchDeleteURLRequest.swift in Sources */,
				DA3E9D9C2903CBBD00E72E21 /* ProductEditRequestModel.swift in Sources */,
				DAB7B94F28FEBF7E00632AC1 /* Requestable.swift in Sources */,
				DA3E9D972903CB2200E72E21 /* extension+Data.swift in Sources */,
				DA2C799028F9B5E300922C47 /* APIService.swift in Sources */,
				DA466ECD28E701F70076AEE4 /* ProductDetail.swift in Sources */,
				DA3E9DA52905C0A600E72E21 /* SearchView.swift in Sources */,
				DAB7B94B28FE9BD900632AC1 /* ProductListViewModel.swift in Sources */,
				DA466EC828E700ED0076AEE4 /* HomeView.swift in Sources */,
				DA2C799228FA8FF400922C47 /* NetworkError.swift in Sources */,
				DA27898D29109FCE00E76B53 /* ProductListCell.swift in Sources */,
				DA3E9D9A2903CB8C00E72E21 /* ProductRequest.swift in Sources */,
				DA3E9DA0290537C500E72E21 /* MainView.swift in Sources */,
				DA3E9DA32905AE9C00E72E21 /* ProfileView.swift in Sources */,
				DAB7B95828FF27A100632AC1 /* ProductDetailRequest.swift in Sources */,
				DA3E9D9E2903CBE400E72E21 /* DeleteURLRequestModel.swift in Sources */,
				DA3E9D652903231800E72E21 /* extension+URLSettionDataTask.swift in Sources */,
				DAB7B95A28FF2B9300632AC1 /* PostProductRequest.swift in Sources */,
				DA466EBA28E6FCA20076AEE4 /* MangoMarketApp.swift in Sources */,
				DAB7B95628FED59F00632AC1 /* FormDataGenerator.swift in Sources */,
				DA3E9D63290322D400E72E21 /* extension+URLSession.swift in Sources */,
			);
			runOnlyForDeploymentPostprocessing = 0;
		};
/* End PBXSourcesBuildPhase section */

/* Begin PBXTargetDependency section */
		DA3E9D912903254000E72E21 /* PBXTargetDependency */ = {
			isa = PBXTargetDependency;
			target = DA466EB528E6FCA20076AEE4 /* MangoMarket */;
			targetProxy = DA3E9D902903254000E72E21 /* PBXContainerItemProxy */;
		};
/* End PBXTargetDependency section */

/* Begin XCBuildConfiguration section */
		DA3E9D922903254000E72E21 /* Debug */ = {
			isa = XCBuildConfiguration;
			buildSettings = {
				BUNDLE_LOADER = "$(TEST_HOST)";
				CLANG_CXX_LANGUAGE_STANDARD = "gnu++20";
				CODE_SIGN_STYLE = Automatic;
				CURRENT_PROJECT_VERSION = 1;
				GENERATE_INFOPLIST_FILE = YES;
				IPHONEOS_DEPLOYMENT_TARGET = 16.0;
				MACOSX_DEPLOYMENT_TARGET = 12.3;
				MARKETING_VERSION = 1.0;
				PRODUCT_BUNDLE_IDENTIFIER = net.cherrish.APIServiceTest;
				PRODUCT_NAME = "$(TARGET_NAME)";
				SDKROOT = auto;
				SUPPORTED_PLATFORMS = "iphoneos iphonesimulator macosx";
				SWIFT_EMIT_LOC_STRINGS = NO;
				SWIFT_VERSION = 5.0;
				TARGETED_DEVICE_FAMILY = "1,2";
				TEST_HOST = "$(BUILT_PRODUCTS_DIR)/MangoMarket.app/$(BUNDLE_EXECUTABLE_FOLDER_PATH)/MangoMarket";
			};
			name = Debug;
		};
		DA3E9D932903254000E72E21 /* Release */ = {
			isa = XCBuildConfiguration;
			buildSettings = {
				BUNDLE_LOADER = "$(TEST_HOST)";
				CLANG_CXX_LANGUAGE_STANDARD = "gnu++20";
				CODE_SIGN_STYLE = Automatic;
				CURRENT_PROJECT_VERSION = 1;
				GENERATE_INFOPLIST_FILE = YES;
				IPHONEOS_DEPLOYMENT_TARGET = 16.0;
				MACOSX_DEPLOYMENT_TARGET = 12.3;
				MARKETING_VERSION = 1.0;
				PRODUCT_BUNDLE_IDENTIFIER = net.cherrish.APIServiceTest;
				PRODUCT_NAME = "$(TARGET_NAME)";
				SDKROOT = auto;
				SUPPORTED_PLATFORMS = "iphoneos iphonesimulator macosx";
				SWIFT_EMIT_LOC_STRINGS = NO;
				SWIFT_VERSION = 5.0;
				TARGETED_DEVICE_FAMILY = "1,2";
				TEST_HOST = "$(BUILT_PRODUCTS_DIR)/MangoMarket.app/$(BUNDLE_EXECUTABLE_FOLDER_PATH)/MangoMarket";
			};
			name = Release;
		};
		DA466EC228E6FCA50076AEE4 /* Debug */ = {
			isa = XCBuildConfiguration;
			buildSettings = {
				ALWAYS_SEARCH_USER_PATHS = NO;
				CLANG_ANALYZER_NONNULL = YES;
				CLANG_ANALYZER_NUMBER_OBJECT_CONVERSION = YES_AGGRESSIVE;
				CLANG_CXX_LANGUAGE_STANDARD = "gnu++17";
				CLANG_ENABLE_MODULES = YES;
				CLANG_ENABLE_OBJC_ARC = YES;
				CLANG_ENABLE_OBJC_WEAK = YES;
				CLANG_WARN_BLOCK_CAPTURE_AUTORELEASING = YES;
				CLANG_WARN_BOOL_CONVERSION = YES;
				CLANG_WARN_COMMA = YES;
				CLANG_WARN_CONSTANT_CONVERSION = YES;
				CLANG_WARN_DEPRECATED_OBJC_IMPLEMENTATIONS = YES;
				CLANG_WARN_DIRECT_OBJC_ISA_USAGE = YES_ERROR;
				CLANG_WARN_DOCUMENTATION_COMMENTS = YES;
				CLANG_WARN_EMPTY_BODY = YES;
				CLANG_WARN_ENUM_CONVERSION = YES;
				CLANG_WARN_INFINITE_RECURSION = YES;
				CLANG_WARN_INT_CONVERSION = YES;
				CLANG_WARN_NON_LITERAL_NULL_CONVERSION = YES;
				CLANG_WARN_OBJC_IMPLICIT_RETAIN_SELF = YES;
				CLANG_WARN_OBJC_LITERAL_CONVERSION = YES;
				CLANG_WARN_OBJC_ROOT_CLASS = YES_ERROR;
				CLANG_WARN_QUOTED_INCLUDE_IN_FRAMEWORK_HEADER = YES;
				CLANG_WARN_RANGE_LOOP_ANALYSIS = YES;
				CLANG_WARN_STRICT_PROTOTYPES = YES;
				CLANG_WARN_SUSPICIOUS_MOVE = YES;
				CLANG_WARN_UNGUARDED_AVAILABILITY = YES_AGGRESSIVE;
				CLANG_WARN_UNREACHABLE_CODE = YES;
				CLANG_WARN__DUPLICATE_METHOD_MATCH = YES;
				COPY_PHASE_STRIP = NO;
				DEBUG_INFORMATION_FORMAT = dwarf;
				ENABLE_STRICT_OBJC_MSGSEND = YES;
				ENABLE_TESTABILITY = YES;
				GCC_C_LANGUAGE_STANDARD = gnu11;
				GCC_DYNAMIC_NO_PIC = NO;
				GCC_NO_COMMON_BLOCKS = YES;
				GCC_OPTIMIZATION_LEVEL = 0;
				GCC_PREPROCESSOR_DEFINITIONS = (
					"DEBUG=1",
					"$(inherited)",
				);
				GCC_WARN_64_TO_32_BIT_CONVERSION = YES;
				GCC_WARN_ABOUT_RETURN_TYPE = YES_ERROR;
				GCC_WARN_UNDECLARED_SELECTOR = YES;
				GCC_WARN_UNINITIALIZED_AUTOS = YES_AGGRESSIVE;
				GCC_WARN_UNUSED_FUNCTION = YES;
				GCC_WARN_UNUSED_VARIABLE = YES;
				IPHONEOS_DEPLOYMENT_TARGET = 15.6;
				MTL_ENABLE_DEBUG_INFO = INCLUDE_SOURCE;
				MTL_FAST_MATH = YES;
				ONLY_ACTIVE_ARCH = YES;
				SDKROOT = iphoneos;
				SWIFT_ACTIVE_COMPILATION_CONDITIONS = DEBUG;
				SWIFT_OPTIMIZATION_LEVEL = "-Onone";
			};
			name = Debug;
		};
		DA466EC328E6FCA50076AEE4 /* Release */ = {
			isa = XCBuildConfiguration;
			buildSettings = {
				ALWAYS_SEARCH_USER_PATHS = NO;
				CLANG_ANALYZER_NONNULL = YES;
				CLANG_ANALYZER_NUMBER_OBJECT_CONVERSION = YES_AGGRESSIVE;
				CLANG_CXX_LANGUAGE_STANDARD = "gnu++17";
				CLANG_ENABLE_MODULES = YES;
				CLANG_ENABLE_OBJC_ARC = YES;
				CLANG_ENABLE_OBJC_WEAK = YES;
				CLANG_WARN_BLOCK_CAPTURE_AUTORELEASING = YES;
				CLANG_WARN_BOOL_CONVERSION = YES;
				CLANG_WARN_COMMA = YES;
				CLANG_WARN_CONSTANT_CONVERSION = YES;
				CLANG_WARN_DEPRECATED_OBJC_IMPLEMENTATIONS = YES;
				CLANG_WARN_DIRECT_OBJC_ISA_USAGE = YES_ERROR;
				CLANG_WARN_DOCUMENTATION_COMMENTS = YES;
				CLANG_WARN_EMPTY_BODY = YES;
				CLANG_WARN_ENUM_CONVERSION = YES;
				CLANG_WARN_INFINITE_RECURSION = YES;
				CLANG_WARN_INT_CONVERSION = YES;
				CLANG_WARN_NON_LITERAL_NULL_CONVERSION = YES;
				CLANG_WARN_OBJC_IMPLICIT_RETAIN_SELF = YES;
				CLANG_WARN_OBJC_LITERAL_CONVERSION = YES;
				CLANG_WARN_OBJC_ROOT_CLASS = YES_ERROR;
				CLANG_WARN_QUOTED_INCLUDE_IN_FRAMEWORK_HEADER = YES;
				CLANG_WARN_RANGE_LOOP_ANALYSIS = YES;
				CLANG_WARN_STRICT_PROTOTYPES = YES;
				CLANG_WARN_SUSPICIOUS_MOVE = YES;
				CLANG_WARN_UNGUARDED_AVAILABILITY = YES_AGGRESSIVE;
				CLANG_WARN_UNREACHABLE_CODE = YES;
				CLANG_WARN__DUPLICATE_METHOD_MATCH = YES;
				COPY_PHASE_STRIP = NO;
				DEBUG_INFORMATION_FORMAT = "dwarf-with-dsym";
				ENABLE_NS_ASSERTIONS = NO;
				ENABLE_STRICT_OBJC_MSGSEND = YES;
				GCC_C_LANGUAGE_STANDARD = gnu11;
				GCC_NO_COMMON_BLOCKS = YES;
				GCC_WARN_64_TO_32_BIT_CONVERSION = YES;
				GCC_WARN_ABOUT_RETURN_TYPE = YES_ERROR;
				GCC_WARN_UNDECLARED_SELECTOR = YES;
				GCC_WARN_UNINITIALIZED_AUTOS = YES_AGGRESSIVE;
				GCC_WARN_UNUSED_FUNCTION = YES;
				GCC_WARN_UNUSED_VARIABLE = YES;
				IPHONEOS_DEPLOYMENT_TARGET = 15.6;
				MTL_ENABLE_DEBUG_INFO = NO;
				MTL_FAST_MATH = YES;
				SDKROOT = iphoneos;
				SWIFT_COMPILATION_MODE = wholemodule;
				SWIFT_OPTIMIZATION_LEVEL = "-O";
				VALIDATE_PRODUCT = YES;
			};
			name = Release;
		};
		DA466EC528E6FCA50076AEE4 /* Debug */ = {
			isa = XCBuildConfiguration;
			buildSettings = {
				ASSETCATALOG_COMPILER_APPICON_NAME = AppIcon;
				ASSETCATALOG_COMPILER_GLOBAL_ACCENT_COLOR_NAME = AccentColor;
				CODE_SIGN_STYLE = Automatic;
				CURRENT_PROJECT_VERSION = 1;
				DEVELOPMENT_ASSET_PATHS = "\"MangoMarket/Preview Content\"";
				DEVELOPMENT_TEAM = LZZV4V63N5;
				ENABLE_PREVIEWS = YES;
				GENERATE_INFOPLIST_FILE = YES;
				INFOPLIST_FILE = MangoMarket/Info.plist;
				INFOPLIST_KEY_NSCameraUsageDescription = "\"카메라에 접근하고 싶어요!\"";
				INFOPLIST_KEY_UIApplicationSceneManifest_Generation = YES;
				INFOPLIST_KEY_UIApplicationSupportsIndirectInputEvents = YES;
				INFOPLIST_KEY_UILaunchScreen_Generation = YES;
				INFOPLIST_KEY_UISupportedInterfaceOrientations_iPad = "UIInterfaceOrientationPortrait UIInterfaceOrientationPortraitUpsideDown UIInterfaceOrientationLandscapeLeft UIInterfaceOrientationLandscapeRight";
				INFOPLIST_KEY_UISupportedInterfaceOrientations_iPhone = "UIInterfaceOrientationPortrait UIInterfaceOrientationLandscapeLeft UIInterfaceOrientationLandscapeRight";
				LD_RUNPATH_SEARCH_PATHS = (
					"$(inherited)",
					"@executable_path/Frameworks",
				);
				MARKETING_VERSION = 1.0;
				PRODUCT_BUNDLE_IDENTIFIER = net.cherrishRed.MangoMarket;
				PRODUCT_NAME = "$(TARGET_NAME)";
				SWIFT_EMIT_LOC_STRINGS = YES;
				SWIFT_VERSION = 5.0;
				TARGETED_DEVICE_FAMILY = "1,2";
			};
			name = Debug;
		};
		DA466EC628E6FCA50076AEE4 /* Release */ = {
			isa = XCBuildConfiguration;
			buildSettings = {
				ASSETCATALOG_COMPILER_APPICON_NAME = AppIcon;
				ASSETCATALOG_COMPILER_GLOBAL_ACCENT_COLOR_NAME = AccentColor;
				CODE_SIGN_STYLE = Automatic;
				CURRENT_PROJECT_VERSION = 1;
				DEVELOPMENT_ASSET_PATHS = "\"MangoMarket/Preview Content\"";
				DEVELOPMENT_TEAM = LZZV4V63N5;
				ENABLE_PREVIEWS = YES;
				GENERATE_INFOPLIST_FILE = YES;
				INFOPLIST_FILE = MangoMarket/Info.plist;
				INFOPLIST_KEY_NSCameraUsageDescription = "\"카메라에 접근하고 싶어요!\"";
				INFOPLIST_KEY_UIApplicationSceneManifest_Generation = YES;
				INFOPLIST_KEY_UIApplicationSupportsIndirectInputEvents = YES;
				INFOPLIST_KEY_UILaunchScreen_Generation = YES;
				INFOPLIST_KEY_UISupportedInterfaceOrientations_iPad = "UIInterfaceOrientationPortrait UIInterfaceOrientationPortraitUpsideDown UIInterfaceOrientationLandscapeLeft UIInterfaceOrientationLandscapeRight";
				INFOPLIST_KEY_UISupportedInterfaceOrientations_iPhone = "UIInterfaceOrientationPortrait UIInterfaceOrientationLandscapeLeft UIInterfaceOrientationLandscapeRight";
				LD_RUNPATH_SEARCH_PATHS = (
					"$(inherited)",
					"@executable_path/Frameworks",
				);
				MARKETING_VERSION = 1.0;
				PRODUCT_BUNDLE_IDENTIFIER = net.cherrishRed.MangoMarket;
				PRODUCT_NAME = "$(TARGET_NAME)";
				SWIFT_EMIT_LOC_STRINGS = YES;
				SWIFT_VERSION = 5.0;
				TARGETED_DEVICE_FAMILY = "1,2";
			};
			name = Release;
		};
/* End XCBuildConfiguration section */

/* Begin XCConfigurationList section */
		DA3E9D942903254000E72E21 /* Build configuration list for PBXNativeTarget "APIServiceTest" */ = {
			isa = XCConfigurationList;
			buildConfigurations = (
				DA3E9D922903254000E72E21 /* Debug */,
				DA3E9D932903254000E72E21 /* Release */,
			);
			defaultConfigurationIsVisible = 0;
			defaultConfigurationName = Release;
		};
		DA466EB128E6FCA20076AEE4 /* Build configuration list for PBXProject "MangoMarket" */ = {
			isa = XCConfigurationList;
			buildConfigurations = (
				DA466EC228E6FCA50076AEE4 /* Debug */,
				DA466EC328E6FCA50076AEE4 /* Release */,
			);
			defaultConfigurationIsVisible = 0;
			defaultConfigurationName = Release;
		};
		DA466EC428E6FCA50076AEE4 /* Build configuration list for PBXNativeTarget "MangoMarket" */ = {
			isa = XCConfigurationList;
			buildConfigurations = (
				DA466EC528E6FCA50076AEE4 /* Debug */,
				DA466EC628E6FCA50076AEE4 /* Release */,
			);
			defaultConfigurationIsVisible = 0;
			defaultConfigurationName = Release;
		};
/* End XCConfigurationList section */
	};
	rootObject = DA466EAE28E6FCA20076AEE4 /* Project object */;
}
